
Microsoft Visual Studio Solution File, Format Version 12.00
# Visual Studio Version 17
VisualStudioVersion = 17.9.34622.214
MinimumVisualStudioVersion = 10.0.40219.1
Project("{FAE04EC0-301F-11D3-BF4B-00C04F79EFBC}") = "hastaneProjesi", "hastaneProjesi.csproj", "{DD11838F-883E-497D-BBCE-FDFDA3E17427}"
EndProject
Project("{54435603-DBB4-11D2-8724-00A0C9A8B90C}") = "hospitalSetup", "hospitalSetup\hospitalSetup.vdproj", "{8B87733B-0177-42E6-A6A8-802A73219DE2}"
EndProject
Global
	GlobalSection(SolutionConfigurationPlatforms) = preSolution
		Debug|Any CPU = Debug|Any CPU
		Release|Any CPU = Release|Any CPU
	EndGlobalSection
	GlobalSection(ProjectConfigurationPlatforms) = postSolution
		{DD11838F-883E-497D-BBCE-FDFDA3E17427}.Debug|Any CPU.ActiveCfg = Debug|Any CPU
		{DD11838F-883E-497D-BBCE-FDFDA3E17427}.Debug|Any CPU.Build.0 = Debug|Any CPU
		{DD11838F-883E-497D-BBCE-FDFDA3E17427}.Release|Any CPU.ActiveCfg = Release|Any CPU
		{DD11838F-883E-497D-BBCE-FDFDA3E17427}.Release|Any CPU.Build.0 = Release|Any CPU
		{8B87733B-0177-42E6-A6A8-802A73219DE2}.Debug|Any CPU.ActiveCfg = Debug
		{8B87733B-0177-42E6-A6A8-802A73219DE2}.Release|Any CPU.ActiveCfg = Release
	EndGlobalSection
	GlobalSection(SolutionProperties) = preSolution
		HideSolutionNode = FALSE
	EndGlobalSection
	GlobalSection(ExtensibilityGlobals) = postSolution
		SolutionGuid = {56D9BDC3-27B7-4E1C-AE66-555F9D8ABC1E}
	EndGlobalSection
EndGlobal
